
Microsoft Visual Studio Solution File, Format Version 12.00
# Visual Studio 14
VisualStudioVersion = 14.0.23107.0
MinimumVisualStudioVersion = 10.0.40219.1
Project("{FAE04EC0-301F-11D3-BF4B-00C04F79EFBC}") = "EventHub1", "EventHub1\EventHub1.csproj", "{275CEAB2-AE6C-417C-B206-19792EB7D1F2}"
EndProject
Project("{FAE04EC0-301F-11D3-BF4B-00C04F79EFBC}") = "BasicEventHubSample", "GettingStarted\BasicEventHubSample.csproj", "{AE7AF0E7-5365-446E-A7ED-7C2DB65760FF}"
EndProject
Project("{FAE04EC0-301F-11D3-BF4B-00C04F79EFBC}") = "EventHubSender", "EventHubSender\EventHubSender.csproj", "{628C3A74-C02D-4631-8A70-6731DB629FCC}"
EndProject
Project("{FAE04EC0-301F-11D3-BF4B-00C04F79EFBC}") = "EventHubReceiver", "EventHubReceiver\EventHubReceiver.csproj", "{5BE2CAE6-A832-4C84-BC84-1005232300CF}"
EndProject
Project("{2150E333-8FDC-42A3-9474-1A3956D46DE8}") = "Solution Items", "Solution Items", "{0674FFF8-100E-4AC6-9E93-EAF050BD0336}"
	ProjectSection(SolutionItems) = preProject
		eventhub-config.txt = eventhub-config.txt
	EndProjectSection
EndProject
Project("{FAE04EC0-301F-11D3-BF4B-00C04F79EFBC}") = "EventCollEmulator", "EventCollEmulator\EventCollEmulator.csproj", "{933E7B66-9367-4315-A66A-B07AB34A76E3}"
EndProject
Global
	GlobalSection(SolutionConfigurationPlatforms) = preSolution
		Debug|Any CPU = Debug|Any CPU
		Release|Any CPU = Release|Any CPU
	EndGlobalSection
	GlobalSection(ProjectConfigurationPlatforms) = postSolution
		{275CEAB2-AE6C-417C-B206-19792EB7D1F2}.Debug|Any CPU.ActiveCfg = Debug|Any CPU
		{275CEAB2-AE6C-417C-B206-19792EB7D1F2}.Debug|Any CPU.Build.0 = Debug|Any CPU
		{275CEAB2-AE6C-417C-B206-19792EB7D1F2}.Release|Any CPU.ActiveCfg = Release|Any CPU
		{275CEAB2-AE6C-417C-B206-19792EB7D1F2}.Release|Any CPU.Build.0 = Release|Any CPU
		{AE7AF0E7-5365-446E-A7ED-7C2DB65760FF}.Debug|Any CPU.ActiveCfg = Debug|Any CPU
		{AE7AF0E7-5365-446E-A7ED-7C2DB65760FF}.Debug|Any CPU.Build.0 = Debug|Any CPU
		{AE7AF0E7-5365-446E-A7ED-7C2DB65760FF}.Release|Any CPU.ActiveCfg = Debug|Any CPU
		{AE7AF0E7-5365-446E-A7ED-7C2DB65760FF}.Release|Any CPU.Build.0 = Debug|Any CPU
		{628C3A74-C02D-4631-8A70-6731DB629FCC}.Debug|Any CPU.ActiveCfg = Debug|Any CPU
		{628C3A74-C02D-4631-8A70-6731DB629FCC}.Debug|Any CPU.Build.0 = Debug|Any CPU
		{628C3A74-C02D-4631-8A70-6731DB629FCC}.Release|Any CPU.ActiveCfg = Release|Any CPU
		{628C3A74-C02D-4631-8A70-6731DB629FCC}.Release|Any CPU.Build.0 = Release|Any CPU
		{5BE2CAE6-A832-4C84-BC84-1005232300CF}.Debug|Any CPU.ActiveCfg = Debug|Any CPU
		{5BE2CAE6-A832-4C84-BC84-1005232300CF}.Debug|Any CPU.Build.0 = Debug|Any CPU
		{5BE2CAE6-A832-4C84-BC84-1005232300CF}.Release|Any CPU.ActiveCfg = Release|Any CPU
		{5BE2CAE6-A832-4C84-BC84-1005232300CF}.Release|Any CPU.Build.0 = Release|Any CPU
		{933E7B66-9367-4315-A66A-B07AB34A76E3}.Debug|Any CPU.ActiveCfg = Debug|Any CPU
		{933E7B66-9367-4315-A66A-B07AB34A76E3}.Debug|Any CPU.Build.0 = Debug|Any CPU
		{933E7B66-9367-4315-A66A-B07AB34A76E3}.Release|Any CPU.ActiveCfg = Release|Any CPU
		{933E7B66-9367-4315-A66A-B07AB34A76E3}.Release|Any CPU.Build.0 = Release|Any CPU
	EndGlobalSection
	GlobalSection(SolutionProperties) = preSolution
		HideSolutionNode = FALSE
	EndGlobalSection
EndGlobal
